
Microsoft Visual Studio Solution File, Format Version 12.00
# Visual Studio Version 17
VisualStudioVersion = 17.0.31903.59
MinimumVisualStudioVersion = 10.0.40219.1
Project("{FAE04EC0-301F-11D3-BF4B-00C04F79EFBC}") = "Agent", "Agent\Agent.csproj", "{9A7ACA3D-363A-4A74-BEE8-0282FBFAA414}"
EndProject
Project("{FAE04EC0-301F-11D3-BF4B-00C04F79EFBC}") = "TestApp", "TestApp\TestApp.csproj", "{80A3B448-414D-416E-AD84-70EC513C1DA7}"
EndProject
Project("{FAE04EC0-301F-11D3-BF4B-00C04F79EFBC}") = "WebMcp", "WebMcp\WebMcp.csproj", "{5BDC8F59-EAE1-4296-8DF9-F10C13636C5C}"
EndProject
Project("{FAE04EC0-301F-11D3-BF4B-00C04F79EFBC}") = "OllamaMcpClient", "OllamaMcpClient\OllamaMcpClient.csproj", "{35CDD5B4-2421-4CD6-B219-48D0AB5F6BCE}"
EndProject
Project("{FAE04EC0-301F-11D3-BF4B-00C04F79EFBC}") = "McpOllamaClient", "McpOllamaClient\McpOllamaClient.csproj", "{B70C7783-52E3-4B94-93FF-5A5455090C6A}"
EndProject
Global
	GlobalSection(SolutionConfigurationPlatforms) = preSolution
		Debug|Any CPU = Debug|Any CPU
		Release|Any CPU = Release|Any CPU
	EndGlobalSection
	GlobalSection(SolutionProperties) = preSolution
		HideSolutionNode = FALSE
	EndGlobalSection
	GlobalSection(ProjectConfigurationPlatforms) = postSolution
		{9A7ACA3D-363A-4A74-BEE8-0282FBFAA414}.Debug|Any CPU.ActiveCfg = Debug|Any CPU
		{9A7ACA3D-363A-4A74-BEE8-0282FBFAA414}.Debug|Any CPU.Build.0 = Debug|Any CPU
		{9A7ACA3D-363A-4A74-BEE8-0282FBFAA414}.Release|Any CPU.ActiveCfg = Release|Any CPU
		{9A7ACA3D-363A-4A74-BEE8-0282FBFAA414}.Release|Any CPU.Build.0 = Release|Any CPU
		{80A3B448-414D-416E-AD84-70EC513C1DA7}.Debug|Any CPU.ActiveCfg = Debug|Any CPU
		{80A3B448-414D-416E-AD84-70EC513C1DA7}.Debug|Any CPU.Build.0 = Debug|Any CPU
		{80A3B448-414D-416E-AD84-70EC513C1DA7}.Release|Any CPU.ActiveCfg = Release|Any CPU
		{80A3B448-414D-416E-AD84-70EC513C1DA7}.Release|Any CPU.Build.0 = Release|Any CPU
		{5BDC8F59-EAE1-4296-8DF9-F10C13636C5C}.Debug|Any CPU.ActiveCfg = Debug|Any CPU
		{5BDC8F59-EAE1-4296-8DF9-F10C13636C5C}.Debug|Any CPU.Build.0 = Debug|Any CPU
		{5BDC8F59-EAE1-4296-8DF9-F10C13636C5C}.Release|Any CPU.ActiveCfg = Release|Any CPU
		{5BDC8F59-EAE1-4296-8DF9-F10C13636C5C}.Release|Any CPU.Build.0 = Release|Any CPU
		{35CDD5B4-2421-4CD6-B219-48D0AB5F6BCE}.Debug|Any CPU.ActiveCfg = Debug|Any CPU
		{35CDD5B4-2421-4CD6-B219-48D0AB5F6BCE}.Debug|Any CPU.Build.0 = Debug|Any CPU
		{35CDD5B4-2421-4CD6-B219-48D0AB5F6BCE}.Release|Any CPU.ActiveCfg = Release|Any CPU
		{35CDD5B4-2421-4CD6-B219-48D0AB5F6BCE}.Release|Any CPU.Build.0 = Release|Any CPU
		{B70C7783-52E3-4B94-93FF-5A5455090C6A}.Debug|Any CPU.ActiveCfg = Debug|Any CPU
		{B70C7783-52E3-4B94-93FF-5A5455090C6A}.Debug|Any CPU.Build.0 = Debug|Any CPU
		{B70C7783-52E3-4B94-93FF-5A5455090C6A}.Release|Any CPU.ActiveCfg = Release|Any CPU
		{B70C7783-52E3-4B94-93FF-5A5455090C6A}.Release|Any CPU.Build.0 = Release|Any CPU
	EndGlobalSection
EndGlobal
