
Microsoft Visual Studio Solution File, Format Version 12.00
# Visual Studio Version 17
VisualStudioVersion = 17.0.31903.59
MinimumVisualStudioVersion = 10.0.40219.1
Project("{FAE04EC0-301F-11D3-BF4B-00C04F79EFBC}") = "Agent", "Agent\Agent.csproj", "{9A7ACA3D-363A-4A74-BEE8-0282FBFAA414}"
EndProject
Project("{FAE04EC0-301F-11D3-BF4B-00C04F79EFBC}") = "TestApp", "TestApp\TestApp.csproj", "{80A3B448-414D-416E-AD84-70EC513C1DA7}"
EndProject
Project("{FAE04EC0-301F-11D3-BF4B-00C04F79EFBC}") = "GeneratedTestApp", "GeneratedTestApp\GeneratedTestApp.csproj", "{E897E3C7-8940-45A5-B0C0-98AA43B20C93}"
EndProject
Global
	GlobalSection(SolutionConfigurationPlatforms) = preSolution
		Debug|Any CPU = Debug|Any CPU
		Release|Any CPU = Release|Any CPU
	EndGlobalSection
	GlobalSection(SolutionProperties) = preSolution
		HideSolutionNode = FALSE
	EndGlobalSection
	GlobalSection(ProjectConfigurationPlatforms) = postSolution
		{9A7ACA3D-363A-4A74-BEE8-0282FBFAA414}.Debug|Any CPU.ActiveCfg = Debug|Any CPU
		{9A7ACA3D-363A-4A74-BEE8-0282FBFAA414}.Debug|Any CPU.Build.0 = Debug|Any CPU
		{9A7ACA3D-363A-4A74-BEE8-0282FBFAA414}.Release|Any CPU.ActiveCfg = Release|Any CPU
		{9A7ACA3D-363A-4A74-BEE8-0282FBFAA414}.Release|Any CPU.Build.0 = Release|Any CPU
		{80A3B448-414D-416E-AD84-70EC513C1DA7}.Debug|Any CPU.ActiveCfg = Debug|Any CPU
		{80A3B448-414D-416E-AD84-70EC513C1DA7}.Debug|Any CPU.Build.0 = Debug|Any CPU
		{80A3B448-414D-416E-AD84-70EC513C1DA7}.Release|Any CPU.ActiveCfg = Release|Any CPU
		{80A3B448-414D-416E-AD84-70EC513C1DA7}.Release|Any CPU.Build.0 = Release|Any CPU
		{E897E3C7-8940-45A5-B0C0-98AA43B20C93}.Debug|Any CPU.ActiveCfg = Debug|Any CPU
		{E897E3C7-8940-45A5-B0C0-98AA43B20C93}.Debug|Any CPU.Build.0 = Debug|Any CPU
		{E897E3C7-8940-45A5-B0C0-98AA43B20C93}.Release|Any CPU.ActiveCfg = Release|Any CPU
		{E897E3C7-8940-45A5-B0C0-98AA43B20C93}.Release|Any CPU.Build.0 = Release|Any CPU
	EndGlobalSection
EndGlobal
